
Microsoft Visual Studio Solution File, Format Version 12.00
# Visual Studio Version 16
VisualStudioVersion = 16.0.30523.141
MinimumVisualStudioVersion = 10.0.40219.1
Project("{2150E333-8FDC-42A3-9474-1A3956D46DE8}") = "Solution Items", "Solution Items", "{8DFABA74-A065-49D0-8C53-EBDE4D729B8C}"
	ProjectSection(SolutionItems) = preProject
		.editorconfig = .editorconfig
		.gitignore = .gitignore
	EndProjectSection
EndProject
Project("{D954291E-2A0B-460D-934E-DC6B0785DB48}") = "Enqueue.App", "Enqueue.App\Enqueue.App.csproj", "{15038213-DFE2-4A03-A55C-619D45929F3B}"
EndProject
Project("{D954291E-2A0B-460D-934E-DC6B0785DB48}") = "Dequeue.App", "Dequeue.App\Dequeue.App.csproj", "{4719F88F-4C82-43D5-AA26-E1BC56532A39}"
EndProject
EndProject
Global
	GlobalSection(SolutionConfigurationPlatforms) = preSolution
		Debug|Any CPU = Debug|Any CPU
		Release|Any CPU = Release|Any CPU
	EndGlobalSection
		GlobalSection(ProjectConfigurationPlatforms) = postSolution
		{15038213-DFE2-4A03-A55C-619D45929F3B}.Debug|Any CPU.ActiveCfg = Debug|Any CPU
		{15038213-DFE2-4A03-A55C-619D45929F3B}.Debug|Any CPU.Build.0 = Debug|Any CPU
		{15038213-DFE2-4A03-A55C-619D45929F3B}.Release|Any CPU.ActiveCfg = Release|Any CPU
		{15038213-DFE2-4A03-A55C-619D45929F3B}.Release|Any CPU.Build.0 = Release|Any CPU
		{4719F88F-4C82-43D5-AA26-E1BC56532A39}.Debug|Any CPU.ActiveCfg = Debug|Any CPU
		{4719F88F-4C82-43D5-AA26-E1BC56532A39}.Debug|Any CPU.Build.0 = Debug|Any CPU
		{4719F88F-4C82-43D5-AA26-E1BC56532A39}.Release|Any CPU.ActiveCfg = Release|Any CPU
		{4719F88F-4C82-43D5-AA26-E1BC56532A39}.Release|Any CPU.Build.0 = Release|Any CPU
	EndGlobalSection
	GlobalSection(SolutionProperties) = preSolution
		HideSolutionNode = FALSE
	EndGlobalSection
EndGlobal
